
Microsoft Visual Studio Solution File, Format Version 12.00
# Visual Studio Version 16
VisualStudioVersion = 16.0.30907.101
MinimumVisualStudioVersion = 10.0.40219.1
Project("{FAE04EC0-301F-11D3-BF4B-00C04F79EFBC}") = "Assesment-247", "Assesment-247\Assesment-247.csproj", "{249330AC-A9F6-45AE-83D5-2ECD01EAC6FF}"
EndProject
Global
	GlobalSection(SolutionConfigurationPlatforms) = preSolution
		Debug|Any CPU = Debug|Any CPU
		Release|Any CPU = Release|Any CPU
	EndGlobalSection
	GlobalSection(ProjectConfigurationPlatforms) = postSolution
		{249330AC-A9F6-45AE-83D5-2ECD01EAC6FF}.Debug|Any CPU.ActiveCfg = Debug|Any CPU
		{249330AC-A9F6-45AE-83D5-2ECD01EAC6FF}.Debug|Any CPU.Build.0 = Debug|Any CPU
		{249330AC-A9F6-45AE-83D5-2ECD01EAC6FF}.Release|Any CPU.ActiveCfg = Release|Any CPU
		{249330AC-A9F6-45AE-83D5-2ECD01EAC6FF}.Release|Any CPU.Build.0 = Release|Any CPU
	EndGlobalSection
	GlobalSection(SolutionProperties) = preSolution
		HideSolutionNode = FALSE
	EndGlobalSection
	GlobalSection(ExtensibilityGlobals) = postSolution
		SolutionGuid = {2F757E7B-BCEB-47D9-A1C7-23E97A5B7852}
	EndGlobalSection
EndGlobal
